
Microsoft Visual Studio Solution File, Format Version 12.00
# Visual Studio 15
VisualStudioVersion = 15.0.26730.8
MinimumVisualStudioVersion = 10.0.40219.1
Project("{FAE04EC0-301F-11D3-BF4B-00C04F79EFBC}") = "PCyP.WebSite", "PCyP.WebSite\PCyP.WebSite.csproj", "{7AB16A99-0819-408D-9D9E-AFEF82698FB6}"
EndProject
Project("{FAE04EC0-301F-11D3-BF4B-00C04F79EFBC}") = "PCyP.Domain", "PCyP.Domain\PCyP.Domain.csproj", "{31F5BD98-5EFE-42DE-83AD-0F0D297C5955}"
EndProject
Global
	GlobalSection(SolutionConfigurationPlatforms) = preSolution
		Debug|Any CPU = Debug|Any CPU
		Release|Any CPU = Release|Any CPU
	EndGlobalSection
	GlobalSection(ProjectConfigurationPlatforms) = postSolution
		{7AB16A99-0819-408D-9D9E-AFEF82698FB6}.Debug|Any CPU.ActiveCfg = Debug|Any CPU
		{7AB16A99-0819-408D-9D9E-AFEF82698FB6}.Debug|Any CPU.Build.0 = Debug|Any CPU
		{7AB16A99-0819-408D-9D9E-AFEF82698FB6}.Release|Any CPU.ActiveCfg = Release|Any CPU
		{7AB16A99-0819-408D-9D9E-AFEF82698FB6}.Release|Any CPU.Build.0 = Release|Any CPU
		{31F5BD98-5EFE-42DE-83AD-0F0D297C5955}.Debug|Any CPU.ActiveCfg = Debug|Any CPU
		{31F5BD98-5EFE-42DE-83AD-0F0D297C5955}.Debug|Any CPU.Build.0 = Debug|Any CPU
		{31F5BD98-5EFE-42DE-83AD-0F0D297C5955}.Release|Any CPU.ActiveCfg = Release|Any CPU
		{31F5BD98-5EFE-42DE-83AD-0F0D297C5955}.Release|Any CPU.Build.0 = Release|Any CPU
	EndGlobalSection
	GlobalSection(SolutionProperties) = preSolution
		HideSolutionNode = FALSE
	EndGlobalSection
	GlobalSection(ExtensibilityGlobals) = postSolution
		SolutionGuid = {BFBB4E48-7AD2-4DC7-B892-CD264B690080}
	EndGlobalSection
EndGlobal
